// !$*UTF8*$!
{
	archiveVersion = 1;
	classes = {
	};
	objectVersion = 56;
	objects = {

/* Begin PBXBuildFile section */
		2AFAE7DB29D86F62005EA360 /* AppDelegate.swift in Sources */ = {isa = PBXBuildFile; fileRef = 2AFAE7DA29D86F62005EA360 /* AppDelegate.swift */; };
		2AFAE7DD29D86F62005EA360 /* SceneDelegate.swift in Sources */ = {isa = PBXBuildFile; fileRef = 2AFAE7DC29D86F62005EA360 /* SceneDelegate.swift */; };
		2AFAE7DF29D86F63005EA360 /* ViewController.swift in Sources */ = {isa = PBXBuildFile; fileRef = 2AFAE7DE29D86F63005EA360 /* ViewController.swift */; };
		2AFAE7E429D86F65005EA360 /* Assets.xcassets in Resources */ = {isa = PBXBuildFile; fileRef = 2AFAE7E329D86F65005EA360 /* Assets.xcassets */; };
		2AFAE7E729D86F65005EA360 /* LaunchScreen.storyboard in Resources */ = {isa = PBXBuildFile; fileRef = 2AFAE7E529D86F65005EA360 /* LaunchScreen.storyboard */; };
		2AFAE7F029D8701D005EA360 /* MainViewController.swift in Sources */ = {isa = PBXBuildFile; fileRef = 2AFAE7EF29D8701D005EA360 /* MainViewController.swift */; };
		2AFAE7F229DA360F005EA360 /* Colors.swift in Sources */ = {isa = PBXBuildFile; fileRef = 2AFAE7F129DA360F005EA360 /* Colors.swift */; };
		2AFAE7F529DA3868005EA360 /* SnapKit in Frameworks */ = {isa = PBXBuildFile; productRef = 2AFAE7F429DA3868005EA360 /* SnapKit */; };
		2AFAE7F729DA4B0B005EA360 /* MainTabBarController.swift in Sources */ = {isa = PBXBuildFile; fileRef = 2AFAE7F629DA4B0B005EA360 /* MainTabBarController.swift */; };
		2AFAE7F929DA4F8A005EA360 /* FaavoriteViewController.swift in Sources */ = {isa = PBXBuildFile; fileRef = 2AFAE7F829DA4F8A005EA360 /* FaavoriteViewController.swift */; };
		2AFAE7FB29DA503A005EA360 /* CartViewController.swift in Sources */ = {isa = PBXBuildFile; fileRef = 2AFAE7FA29DA503A005EA360 /* CartViewController.swift */; };
		2AFAE7FD29DA50AA005EA360 /* MyOrdersViewController.swift in Sources */ = {isa = PBXBuildFile; fileRef = 2AFAE7FC29DA50AA005EA360 /* MyOrdersViewController.swift */; };
		2AFAE80029DA546F005EA360 /* СategoryCollectionViewCell.swift in Sources */ = {isa = PBXBuildFile; fileRef = 2AFAE7FF29DA546F005EA360 /* СategoryCollectionViewCell.swift */; };
		2AFAE80229DB6766005EA360 /* Menu.swift in Sources */ = {isa = PBXBuildFile; fileRef = 2AFAE80129DB6766005EA360 /* Menu.swift */; };
		2AFAE80629DB9C52005EA360 /* MenuTableViewCell.swift in Sources */ = {isa = PBXBuildFile; fileRef = 2AFAE80529DB9C52005EA360 /* MenuTableViewCell.swift */; };
		2AFAE80829DCE382005EA360 /* DetailViewController.swift in Sources */ = {isa = PBXBuildFile; fileRef = 2AFAE80729DCE382005EA360 /* DetailViewController.swift */; };
/* End PBXBuildFile section */

/* Begin PBXFileReference section */
		2AFAE7D729D86F62005EA360 /* FinalTest.app */ = {isa = PBXFileReference; explicitFileType = wrapper.application; includeInIndex = 0; path = FinalTest.app; sourceTree = BUILT_PRODUCTS_DIR; };
		2AFAE7DA29D86F62005EA360 /* AppDelegate.swift */ = {isa = PBXFileReference; lastKnownFileType = sourcecode.swift; path = AppDelegate.swift; sourceTree = "<group>"; };
		2AFAE7DC29D86F62005EA360 /* SceneDelegate.swift */ = {isa = PBXFileReference; lastKnownFileType = sourcecode.swift; path = SceneDelegate.swift; sourceTree = "<group>"; };
		2AFAE7DE29D86F63005EA360 /* ViewController.swift */ = {isa = PBXFileReference; lastKnownFileType = sourcecode.swift; path = ViewController.swift; sourceTree = "<group>"; };
		2AFAE7E329D86F65005EA360 /* Assets.xcassets */ = {isa = PBXFileReference; lastKnownFileType = folder.assetcatalog; path = Assets.xcassets; sourceTree = "<group>"; };
		2AFAE7E629D86F65005EA360 /* Base */ = {isa = PBXFileReference; lastKnownFileType = file.storyboard; name = Base; path = Base.lproj/LaunchScreen.storyboard; sourceTree = "<group>"; };
		2AFAE7E829D86F65005EA360 /* Info.plist */ = {isa = PBXFileReference; lastKnownFileType = text.plist.xml; path = Info.plist; sourceTree = "<group>"; };
		2AFAE7EF29D8701D005EA360 /* MainViewController.swift */ = {isa = PBXFileReference; lastKnownFileType = sourcecode.swift; path = MainViewController.swift; sourceTree = "<group>"; };
		2AFAE7F129DA360F005EA360 /* Colors.swift */ = {isa = PBXFileReference; lastKnownFileType = sourcecode.swift; path = Colors.swift; sourceTree = "<group>"; };
		2AFAE7F629DA4B0B005EA360 /* MainTabBarController.swift */ = {isa = PBXFileReference; lastKnownFileType = sourcecode.swift; path = MainTabBarController.swift; sourceTree = "<group>"; };
		2AFAE7F829DA4F8A005EA360 /* FaavoriteViewController.swift */ = {isa = PBXFileReference; lastKnownFileType = sourcecode.swift; path = FaavoriteViewController.swift; sourceTree = "<group>"; };
		2AFAE7FA29DA503A005EA360 /* CartViewController.swift */ = {isa = PBXFileReference; lastKnownFileType = sourcecode.swift; path = CartViewController.swift; sourceTree = "<group>"; };
		2AFAE7FC29DA50AA005EA360 /* MyOrdersViewController.swift */ = {isa = PBXFileReference; lastKnownFileType = sourcecode.swift; path = MyOrdersViewController.swift; sourceTree = "<group>"; };
		2AFAE7FF29DA546F005EA360 /* СategoryCollectionViewCell.swift */ = {isa = PBXFileReference; lastKnownFileType = sourcecode.swift; path = "СategoryCollectionViewCell.swift"; sourceTree = "<group>"; };
		2AFAE80129DB6766005EA360 /* Menu.swift */ = {isa = PBXFileReference; lastKnownFileType = sourcecode.swift; path = Menu.swift; sourceTree = "<group>"; };
		2AFAE80529DB9C52005EA360 /* MenuTableViewCell.swift */ = {isa = PBXFileReference; lastKnownFileType = sourcecode.swift; path = MenuTableViewCell.swift; sourceTree = "<group>"; };
		2AFAE80729DCE382005EA360 /* DetailViewController.swift */ = {isa = PBXFileReference; lastKnownFileType = sourcecode.swift; path = DetailViewController.swift; sourceTree = "<group>"; };
/* End PBXFileReference section */

/* Begin PBXFrameworksBuildPhase section */
		2AFAE7D429D86F62005EA360 /* Frameworks */ = {
			isa = PBXFrameworksBuildPhase;
			buildActionMask = 2147483647;
			files = (
				2AFAE7F529DA3868005EA360 /* SnapKit in Frameworks */,
			);
			runOnlyForDeploymentPostprocessing = 0;
		};
/* End PBXFrameworksBuildPhase section */

/* Begin PBXGroup section */
		2AFAE7CE29D86F62005EA360 = {
			isa = PBXGroup;
			children = (
				2AFAE7D929D86F62005EA360 /* FinalTest */,
				2AFAE7D829D86F62005EA360 /* Products */,
			);
			sourceTree = "<group>";
		};
		2AFAE7D829D86F62005EA360 /* Products */ = {
			isa = PBXGroup;
			children = (
				2AFAE7D729D86F62005EA360 /* FinalTest.app */,
			);
			name = Products;
			sourceTree = "<group>";
		};
		2AFAE7D929D86F62005EA360 /* FinalTest */ = {
			isa = PBXGroup;
			children = (
				2AFAE7F629DA4B0B005EA360 /* MainTabBarController.swift */,
				2AFAE7F129DA360F005EA360 /* Colors.swift */,
				2AFAE80129DB6766005EA360 /* Menu.swift */,
				2AFAE7EE29D86F86005EA360 /* ViewControllers */,
				2AFAE7DA29D86F62005EA360 /* AppDelegate.swift */,
				2AFAE7DC29D86F62005EA360 /* SceneDelegate.swift */,
				2AFAE7DE29D86F63005EA360 /* ViewController.swift */,
				2AFAE7E329D86F65005EA360 /* Assets.xcassets */,
				2AFAE7E529D86F65005EA360 /* LaunchScreen.storyboard */,
				2AFAE7E829D86F65005EA360 /* Info.plist */,
			);
			path = FinalTest;
			sourceTree = "<group>";
		};
		2AFAE7EE29D86F86005EA360 /* ViewControllers */ = {
			isa = PBXGroup;
			children = (
				2AFAE7EF29D8701D005EA360 /* MainViewController.swift */,
				2AFAE80929DCE38D005EA360 /* DetaliVC */,
				2AFAE7F829DA4F8A005EA360 /* FaavoriteViewController.swift */,
				2AFAE7FA29DA503A005EA360 /* CartViewController.swift */,
				2AFAE7FC29DA50AA005EA360 /* MyOrdersViewController.swift */,
				2AFAE7FE29DA53FF005EA360 /* cells */,
			);
			path = ViewControllers;
			sourceTree = "<group>";
		};
		2AFAE7FE29DA53FF005EA360 /* cells */ = {
			isa = PBXGroup;
			children = (
				2AFAE7FF29DA546F005EA360 /* СategoryCollectionViewCell.swift */,
				2AFAE80529DB9C52005EA360 /* MenuTableViewCell.swift */,
			);
			path = cells;
			sourceTree = "<group>";
		};
		2AFAE80929DCE38D005EA360 /* DetaliVC */ = {
			isa = PBXGroup;
			children = (
				2AFAE80729DCE382005EA360 /* DetailViewController.swift */,
			);
			path = DetaliVC;
			sourceTree = "<group>";
		};
/* End PBXGroup section */

/* Begin PBXNativeTarget section */
		2AFAE7D629D86F62005EA360 /* FinalTest */ = {
			isa = PBXNativeTarget;
			buildConfigurationList = 2AFAE7EB29D86F65005EA360 /* Build configuration list for PBXNativeTarget "FinalTest" */;
			buildPhases = (
				2AFAE7D329D86F62005EA360 /* Sources */,
				2AFAE7D429D86F62005EA360 /* Frameworks */,
				2AFAE7D529D86F62005EA360 /* Resources */,
			);
			buildRules = (
			);
			dependencies = (
			);
			name = FinalTest;
			packageProductDependencies = (
				2AFAE7F429DA3868005EA360 /* SnapKit */,
			);
			productName = FinalTest;
			productReference = 2AFAE7D729D86F62005EA360 /* FinalTest.app */;
			productType = "com.apple.product-type.application";
		};
/* End PBXNativeTarget section */

/* Begin PBXProject section */
		2AFAE7CF29D86F62005EA360 /* Project object */ = {
			isa = PBXProject;
			attributes = {
				BuildIndependentTargetsInParallel = 1;
				LastSwiftUpdateCheck = 1420;
				LastUpgradeCheck = 1420;
				TargetAttributes = {
					2AFAE7D629D86F62005EA360 = {
						CreatedOnToolsVersion = 14.2;
					};
				};
			};
			buildConfigurationList = 2AFAE7D229D86F62005EA360 /* Build configuration list for PBXProject "FinalTest" */;
			compatibilityVersion = "Xcode 14.0";
			developmentRegion = en;
			hasScannedForEncodings = 0;
			knownRegions = (
				en,
				Base,
			);
			mainGroup = 2AFAE7CE29D86F62005EA360;
			packageReferences = (
				2AFAE7F329DA3867005EA360 /* XCRemoteSwiftPackageReference "SnapKit" */,
			);
			productRefGroup = 2AFAE7D829D86F62005EA360 /* Products */;
			projectDirPath = "";
			projectRoot = "";
			targets = (
				2AFAE7D629D86F62005EA360 /* FinalTest */,
			);
		};
/* End PBXProject section */

/* Begin PBXResourcesBuildPhase section */
		2AFAE7D529D86F62005EA360 /* Resources */ = {
			isa = PBXResourcesBuildPhase;
			buildActionMask = 2147483647;
			files = (
				2AFAE7E729D86F65005EA360 /* LaunchScreen.storyboard in Resources */,
				2AFAE7E429D86F65005EA360 /* Assets.xcassets in Resources */,
			);
			runOnlyForDeploymentPostprocessing = 0;
		};
/* End PBXResourcesBuildPhase section */

/* Begin PBXSourcesBuildPhase section */
		2AFAE7D329D86F62005EA360 /* Sources */ = {
			isa = PBXSourcesBuildPhase;
			buildActionMask = 2147483647;
			files = (
				2AFAE80829DCE382005EA360 /* DetailViewController.swift in Sources */,
				2AFAE7DF29D86F63005EA360 /* ViewController.swift in Sources */,
				2AFAE7FD29DA50AA005EA360 /* MyOrdersViewController.swift in Sources */,
				2AFAE80629DB9C52005EA360 /* MenuTableViewCell.swift in Sources */,
				2AFAE7F229DA360F005EA360 /* Colors.swift in Sources */,
				2AFAE7F729DA4B0B005EA360 /* MainTabBarController.swift in Sources */,
				2AFAE7DB29D86F62005EA360 /* AppDelegate.swift in Sources */,
				2AFAE80229DB6766005EA360 /* Menu.swift in Sources */,
				2AFAE7FB29DA503A005EA360 /* CartViewController.swift in Sources */,
				2AFAE80029DA546F005EA360 /* СategoryCollectionViewCell.swift in Sources */,
				2AFAE7DD29D86F62005EA360 /* SceneDelegate.swift in Sources */,
				2AFAE7F029D8701D005EA360 /* MainViewController.swift in Sources */,
				2AFAE7F929DA4F8A005EA360 /* FaavoriteViewController.swift in Sources */,
			);
			runOnlyForDeploymentPostprocessing = 0;
		};
/* End PBXSourcesBuildPhase section */

/* Begin PBXVariantGroup section */
		2AFAE7E529D86F65005EA360 /* LaunchScreen.storyboard */ = {
			isa = PBXVariantGroup;
			children = (
				2AFAE7E629D86F65005EA360 /* Base */,
			);
			name = LaunchScreen.storyboard;
			sourceTree = "<group>";
		};
/* End PBXVariantGroup section */

/* Begin XCBuildConfiguration section */
		2AFAE7E929D86F65005EA360 /* Debug */ = {
			isa = XCBuildConfiguration;
			buildSettings = {
				ALWAYS_SEARCH_USER_PATHS = NO;
				CLANG_ANALYZER_NONNULL = YES;
				CLANG_ANALYZER_NUMBER_OBJECT_CONVERSION = YES_AGGRESSIVE;
				CLANG_CXX_LANGUAGE_STANDARD = "gnu++20";
				CLANG_ENABLE_MODULES = YES;
				CLANG_ENABLE_OBJC_ARC = YES;
				CLANG_ENABLE_OBJC_WEAK = YES;
				CLANG_WARN_BLOCK_CAPTURE_AUTORELEASING = YES;
				CLANG_WARN_BOOL_CONVERSION = YES;
				CLANG_WARN_COMMA = YES;
				CLANG_WARN_CONSTANT_CONVERSION = YES;
				CLANG_WARN_DEPRECATED_OBJC_IMPLEMENTATIONS = YES;
				CLANG_WARN_DIRECT_OBJC_ISA_USAGE = YES_ERROR;
				CLANG_WARN_DOCUMENTATION_COMMENTS = YES;
				CLANG_WARN_EMPTY_BODY = YES;
				CLANG_WARN_ENUM_CONVERSION = YES;
				CLANG_WARN_INFINITE_RECURSION = YES;
				CLANG_WARN_INT_CONVERSION = YES;
				CLANG_WARN_NON_LITERAL_NULL_CONVERSION = YES;
				CLANG_WARN_OBJC_IMPLICIT_RETAIN_SELF = YES;
				CLANG_WARN_OBJC_LITERAL_CONVERSION = YES;
				CLANG_WARN_OBJC_ROOT_CLASS = YES_ERROR;
				CLANG_WARN_QUOTED_INCLUDE_IN_FRAMEWORK_HEADER = YES;
				CLANG_WARN_RANGE_LOOP_ANALYSIS = YES;
				CLANG_WARN_STRICT_PROTOTYPES = YES;
				CLANG_WARN_SUSPICIOUS_MOVE = YES;
				CLANG_WARN_UNGUARDED_AVAILABILITY = YES_AGGRESSIVE;
				CLANG_WARN_UNREACHABLE_CODE = YES;
				CLANG_WARN__DUPLICATE_METHOD_MATCH = YES;
				COPY_PHASE_STRIP = NO;
				DEBUG_INFORMATION_FORMAT = dwarf;
				ENABLE_STRICT_OBJC_MSGSEND = YES;
				ENABLE_TESTABILITY = YES;
				GCC_C_LANGUAGE_STANDARD = gnu11;
				GCC_DYNAMIC_NO_PIC = NO;
				GCC_NO_COMMON_BLOCKS = YES;
				GCC_OPTIMIZATION_LEVEL = 0;
				GCC_PREPROCESSOR_DEFINITIONS = (
					"DEBUG=1",
					"$(inherited)",
				);
				GCC_WARN_64_TO_32_BIT_CONVERSION = YES;
				GCC_WARN_ABOUT_RETURN_TYPE = YES_ERROR;
				GCC_WARN_UNDECLARED_SELECTOR = YES;
				GCC_WARN_UNINITIALIZED_AUTOS = YES_AGGRESSIVE;
				GCC_WARN_UNUSED_FUNCTION = YES;
				GCC_WARN_UNUSED_VARIABLE = YES;
				IPHONEOS_DEPLOYMENT_TARGET = 16.2;
				MTL_ENABLE_DEBUG_INFO = INCLUDE_SOURCE;
				MTL_FAST_MATH = YES;
				ONLY_ACTIVE_ARCH = YES;
				SDKROOT = iphoneos;
				SWIFT_ACTIVE_COMPILATION_CONDITIONS = DEBUG;
				SWIFT_OPTIMIZATION_LEVEL = "-Onone";
			};
			name = Debug;
		};
		2AFAE7EA29D86F65005EA360 /* Release */ = {
			isa = XCBuildConfiguration;
			buildSettings = {
				ALWAYS_SEARCH_USER_PATHS = NO;
				CLANG_ANALYZER_NONNULL = YES;
				CLANG_ANALYZER_NUMBER_OBJECT_CONVERSION = YES_AGGRESSIVE;
				CLANG_CXX_LANGUAGE_STANDARD = "gnu++20";
				CLANG_ENABLE_MODULES = YES;
				CLANG_ENABLE_OBJC_ARC = YES;
				CLANG_ENABLE_OBJC_WEAK = YES;
				CLANG_WARN_BLOCK_CAPTURE_AUTORELEASING = YES;
				CLANG_WARN_BOOL_CONVERSION = YES;
				CLANG_WARN_COMMA = YES;
				CLANG_WARN_CONSTANT_CONVERSION = YES;
				CLANG_WARN_DEPRECATED_OBJC_IMPLEMENTATIONS = YES;
				CLANG_WARN_DIRECT_OBJC_ISA_USAGE = YES_ERROR;
				CLANG_WARN_DOCUMENTATION_COMMENTS = YES;
				CLANG_WARN_EMPTY_BODY = YES;
				CLANG_WARN_ENUM_CONVERSION = YES;
				CLANG_WARN_INFINITE_RECURSION = YES;
				CLANG_WARN_INT_CONVERSION = YES;
				CLANG_WARN_NON_LITERAL_NULL_CONVERSION = YES;
				CLANG_WARN_OBJC_IMPLICIT_RETAIN_SELF = YES;
				CLANG_WARN_OBJC_LITERAL_CONVERSION = YES;
				CLANG_WARN_OBJC_ROOT_CLASS = YES_ERROR;
				CLANG_WARN_QUOTED_INCLUDE_IN_FRAMEWORK_HEADER = YES;
				CLANG_WARN_RANGE_LOOP_ANALYSIS = YES;
				CLANG_WARN_STRICT_PROTOTYPES = YES;
				CLANG_WARN_SUSPICIOUS_MOVE = YES;
				CLANG_WARN_UNGUARDED_AVAILABILITY = YES_AGGRESSIVE;
				CLANG_WARN_UNREACHABLE_CODE = YES;
				CLANG_WARN__DUPLICATE_METHOD_MATCH = YES;
				COPY_PHASE_STRIP = NO;
				DEBUG_INFORMATION_FORMAT = "dwarf-with-dsym";
				ENABLE_NS_ASSERTIONS = NO;
				ENABLE_STRICT_OBJC_MSGSEND = YES;
				GCC_C_LANGUAGE_STANDARD = gnu11;
				GCC_NO_COMMON_BLOCKS = YES;
				GCC_WARN_64_TO_32_BIT_CONVERSION = YES;
				GCC_WARN_ABOUT_RETURN_TYPE = YES_ERROR;
				GCC_WARN_UNDECLARED_SELECTOR = YES;
				GCC_WARN_UNINITIALIZED_AUTOS = YES_AGGRESSIVE;
				GCC_WARN_UNUSED_FUNCTION = YES;
				GCC_WARN_UNUSED_VARIABLE = YES;
				IPHONEOS_DEPLOYMENT_TARGET = 16.2;
				MTL_ENABLE_DEBUG_INFO = NO;
				MTL_FAST_MATH = YES;
				SDKROOT = iphoneos;
				SWIFT_COMPILATION_MODE = wholemodule;
				SWIFT_OPTIMIZATION_LEVEL = "-O";
				VALIDATE_PRODUCT = YES;
			};
			name = Release;
		};
		2AFAE7EC29D86F65005EA360 /* Debug */ = {
			isa = XCBuildConfiguration;
			buildSettings = {
				ASSETCATALOG_COMPILER_APPICON_NAME = AppIcon;
				ASSETCATALOG_COMPILER_GLOBAL_ACCENT_COLOR_NAME = AccentColor;
				CODE_SIGN_STYLE = Automatic;
				CURRENT_PROJECT_VERSION = 1;
				GENERATE_INFOPLIST_FILE = YES;
				INFOPLIST_FILE = FinalTest/Info.plist;
				INFOPLIST_KEY_UIApplicationSupportsIndirectInputEvents = YES;
				INFOPLIST_KEY_UILaunchStoryboardName = LaunchScreen;
				INFOPLIST_KEY_UISupportedInterfaceOrientations_iPad = "UIInterfaceOrientationPortrait UIInterfaceOrientationPortraitUpsideDown UIInterfaceOrientationLandscapeLeft UIInterfaceOrientationLandscapeRight";
				INFOPLIST_KEY_UISupportedInterfaceOrientations_iPhone = "UIInterfaceOrientationPortrait UIInterfaceOrientationLandscapeLeft UIInterfaceOrientationLandscapeRight";
				LD_RUNPATH_SEARCH_PATHS = (
					"$(inherited)",
					"@executable_path/Frameworks",
				);
				MARKETING_VERSION = 1.0;
				PRODUCT_BUNDLE_IDENTIFIER = "-23.FinalTest";
				PRODUCT_NAME = "$(TARGET_NAME)";
				SWIFT_EMIT_LOC_STRINGS = YES;
				SWIFT_VERSION = 5.0;
				TARGETED_DEVICE_FAMILY = "1,2";
			};
			name = Debug;
		};
		2AFAE7ED29D86F65005EA360 /* Release */ = {
			isa = XCBuildConfiguration;
			buildSettings = {
				ASSETCATALOG_COMPILER_APPICON_NAME = AppIcon;
				ASSETCATALOG_COMPILER_GLOBAL_ACCENT_COLOR_NAME = AccentColor;
				CODE_SIGN_STYLE = Automatic;
				CURRENT_PROJECT_VERSION = 1;
				GENERATE_INFOPLIST_FILE = YES;
				INFOPLIST_FILE = FinalTest/Info.plist;
				INFOPLIST_KEY_UIApplicationSupportsIndirectInputEvents = YES;
				INFOPLIST_KEY_UILaunchStoryboardName = LaunchScreen;
				INFOPLIST_KEY_UISupportedInterfaceOrientations_iPad = "UIInterfaceOrientationPortrait UIInterfaceOrientationPortraitUpsideDown UIInterfaceOrientationLandscapeLeft UIInterfaceOrientationLandscapeRight";
				INFOPLIST_KEY_UISupportedInterfaceOrientations_iPhone = "UIInterfaceOrientationPortrait UIInterfaceOrientationLandscapeLeft UIInterfaceOrientationLandscapeRight";
				LD_RUNPATH_SEARCH_PATHS = (
					"$(inherited)",
					"@executable_path/Frameworks",
				);
				MARKETING_VERSION = 1.0;
				PRODUCT_BUNDLE_IDENTIFIER = "-23.FinalTest";
				PRODUCT_NAME = "$(TARGET_NAME)";
				SWIFT_EMIT_LOC_STRINGS = YES;
				SWIFT_VERSION = 5.0;
				TARGETED_DEVICE_FAMILY = "1,2";
			};
			name = Release;
		};
/* End XCBuildConfiguration section */

/* Begin XCConfigurationList section */
		2AFAE7D229D86F62005EA360 /* Build configuration list for PBXProject "FinalTest" */ = {
			isa = XCConfigurationList;
			buildConfigurations = (
				2AFAE7E929D86F65005EA360 /* Debug */,
				2AFAE7EA29D86F65005EA360 /* Release */,
			);
			defaultConfigurationIsVisible = 0;
			defaultConfigurationName = Release;
		};
		2AFAE7EB29D86F65005EA360 /* Build configuration list for PBXNativeTarget "FinalTest" */ = {
			isa = XCConfigurationList;
			buildConfigurations = (
				2AFAE7EC29D86F65005EA360 /* Debug */,
				2AFAE7ED29D86F65005EA360 /* Release */,
			);
			defaultConfigurationIsVisible = 0;
			defaultConfigurationName = Release;
		};
/* End XCConfigurationList section */

/* Begin XCRemoteSwiftPackageReference section */
		2AFAE7F329DA3867005EA360 /* XCRemoteSwiftPackageReference "SnapKit" */ = {
			isa = XCRemoteSwiftPackageReference;
			repositoryURL = "https://github.com/SnapKit/SnapKit.git";
			requirement = {
				branch = develop;
				kind = branch;
			};
		};
/* End XCRemoteSwiftPackageReference section */

/* Begin XCSwiftPackageProductDependency section */
		2AFAE7F429DA3868005EA360 /* SnapKit */ = {
			isa = XCSwiftPackageProductDependency;
			package = 2AFAE7F329DA3867005EA360 /* XCRemoteSwiftPackageReference "SnapKit" */;
			productName = SnapKit;
		};
/* End XCSwiftPackageProductDependency section */
	};
	rootObject = 2AFAE7CF29D86F62005EA360 /* Project object */;
}
